
Microsoft Visual Studio Solution File, Format Version 12.00
# Visual Studio Version 17
VisualStudioVersion = 17.11.35222.181
MinimumVisualStudioVersion = 10.0.40219.1
Project("{FAE04EC0-301F-11D3-BF4B-00C04F79EFBC}") = "ConsoleApp1", "ConsoleApp1\ConsoleApp1.csproj", "{08D88D63-8937-4E40-A7AC-9B87B4AD6765}"
EndProject
Global
	GlobalSection(SolutionConfigurationPlatforms) = preSolution
		Debug|Any CPU = Debug|Any CPU
		Release|Any CPU = Release|Any CPU
	EndGlobalSection
	GlobalSection(ProjectConfigurationPlatforms) = postSolution
		{08D88D63-8937-4E40-A7AC-9B87B4AD6765}.Debug|Any CPU.ActiveCfg = Debug|Any CPU
		{08D88D63-8937-4E40-A7AC-9B87B4AD6765}.Debug|Any CPU.Build.0 = Debug|Any CPU
		{08D88D63-8937-4E40-A7AC-9B87B4AD6765}.Release|Any CPU.ActiveCfg = Release|Any CPU
		{08D88D63-8937-4E40-A7AC-9B87B4AD6765}.Release|Any CPU.Build.0 = Release|Any CPU
	EndGlobalSection
	GlobalSection(SolutionProperties) = preSolution
		HideSolutionNode = FALSE
	EndGlobalSection
	GlobalSection(ExtensibilityGlobals) = postSolution
		SolutionGuid = {4B5867B2-DB99-46AE-8D60-2E3FE6FA8B5D}
	EndGlobalSection
EndGlobal
