
Microsoft Visual Studio Solution File, Format Version 12.00
# Visual Studio Version 17
VisualStudioVersion = 17.11.35222.181
MinimumVisualStudioVersion = 10.0.40219.1
Project("{FAE04EC0-301F-11D3-BF4B-00C04F79EFBC}") = "WpfApp1", "WpfApp1\WpfApp1.csproj", "{B8E4840C-9170-4BE2-A178-71ED19AB1EA7}"
EndProject
Global
	GlobalSection(SolutionConfigurationPlatforms) = preSolution
		Debug|Any CPU = Debug|Any CPU
		Release|Any CPU = Release|Any CPU
	EndGlobalSection
	GlobalSection(ProjectConfigurationPlatforms) = postSolution
		{B8E4840C-9170-4BE2-A178-71ED19AB1EA7}.Debug|Any CPU.ActiveCfg = Debug|Any CPU
		{B8E4840C-9170-4BE2-A178-71ED19AB1EA7}.Debug|Any CPU.Build.0 = Debug|Any CPU
		{B8E4840C-9170-4BE2-A178-71ED19AB1EA7}.Release|Any CPU.ActiveCfg = Release|Any CPU
		{B8E4840C-9170-4BE2-A178-71ED19AB1EA7}.Release|Any CPU.Build.0 = Release|Any CPU
	EndGlobalSection
	GlobalSection(SolutionProperties) = preSolution
		HideSolutionNode = FALSE
	EndGlobalSection
	GlobalSection(ExtensibilityGlobals) = postSolution
		SolutionGuid = {814EAA28-DC93-4879-917C-4618F00477CA}
	EndGlobalSection
EndGlobal
