
Microsoft Visual Studio Solution File, Format Version 12.00
# Visual Studio Version 17
VisualStudioVersion = 17.11.35222.181
MinimumVisualStudioVersion = 10.0.40219.1
Project("{FAE04EC0-301F-11D3-BF4B-00C04F79EFBC}") = "ConsoleApp1", "ConsoleApp1\ConsoleApp1.csproj", "{752A499F-9C9D-49DD-A5BC-D43ED143FC71}"
EndProject
Global
	GlobalSection(SolutionConfigurationPlatforms) = preSolution
		Debug|Any CPU = Debug|Any CPU
		Release|Any CPU = Release|Any CPU
	EndGlobalSection
	GlobalSection(ProjectConfigurationPlatforms) = postSolution
		{752A499F-9C9D-49DD-A5BC-D43ED143FC71}.Debug|Any CPU.ActiveCfg = Debug|Any CPU
		{752A499F-9C9D-49DD-A5BC-D43ED143FC71}.Debug|Any CPU.Build.0 = Debug|Any CPU
		{752A499F-9C9D-49DD-A5BC-D43ED143FC71}.Release|Any CPU.ActiveCfg = Release|Any CPU
		{752A499F-9C9D-49DD-A5BC-D43ED143FC71}.Release|Any CPU.Build.0 = Release|Any CPU
	EndGlobalSection
	GlobalSection(SolutionProperties) = preSolution
		HideSolutionNode = FALSE
	EndGlobalSection
	GlobalSection(ExtensibilityGlobals) = postSolution
		SolutionGuid = {FC0AB5A7-9D35-45A9-9863-F5B906BC93CC}
	EndGlobalSection
EndGlobal
